{
  "name": "ai-tool-launcher",
  "version": "0.1.0",
  "lockfileVersion": 3,
  "requires": true,
  "packages": {
    "": {
      "name": "ai-tool-launcher",
      "version": "0.1.0",
      "license": "MIT",
      "bin": {
        "ai-tool-launcher": "bin/ai-tool-launcher"
      },
      "engines": {
        "node": ">=18"
      }
    }
  }
}
